
Microsoft Visual Studio Solution File, Format Version 12.00
# Visual Studio 15
Project("{FAE04EC0-301F-11D3-BF4B-00C04F79EFBC}") = "Besdushka.Android", "Besdushka.Android\Besdushka.Android.csproj", "{C6971F76-83CB-4538-886D-77F4A22FCC29}"
EndProject
Project("{FAE04EC0-301F-11D3-BF4B-00C04F79EFBC}") = "Besdushka.iOS", "Besdushka.iOS\Besdushka.iOS.csproj", "{AC10CD94-0DC7-4AE3-B759-E85BB6147E4E}"
EndProject
Project("{FAE04EC0-301F-11D3-BF4B-00C04F79EFBC}") = "Besdushka", "Besdushka\Besdushka.csproj", "{126A53CA-D120-44BC-B234-A587617C393C}"
EndProject
Project("{FAE04EC0-301F-11D3-BF4B-00C04F79EFBC}") = "ServerUDP", "..\ServerUDP\ServerUDP\ServerUDP.csproj", "{C84C0593-B36E-4484-ADF4-EAD6EDA214A6}"
EndProject
Global
	GlobalSection(SolutionConfigurationPlatforms) = preSolution
		Debug|Any CPU = Debug|Any CPU
		Release|Any CPU = Release|Any CPU
		Debug|iPhoneSimulator = Debug|iPhoneSimulator
		Release|iPhoneSimulator = Release|iPhoneSimulator
		Debug|iPhone = Debug|iPhone
		Release|iPhone = Release|iPhone
	EndGlobalSection
	GlobalSection(ProjectConfigurationPlatforms) = postSolution
		{C6971F76-83CB-4538-886D-77F4A22FCC29}.Debug|Any CPU.ActiveCfg = Debug|Any CPU
		{C6971F76-83CB-4538-886D-77F4A22FCC29}.Debug|Any CPU.Build.0 = Debug|Any CPU
		{C6971F76-83CB-4538-886D-77F4A22FCC29}.Release|Any CPU.ActiveCfg = Release|Any CPU
		{C6971F76-83CB-4538-886D-77F4A22FCC29}.Release|Any CPU.Build.0 = Release|Any CPU
		{C6971F76-83CB-4538-886D-77F4A22FCC29}.Debug|iPhoneSimulator.ActiveCfg = Debug|Any CPU
		{C6971F76-83CB-4538-886D-77F4A22FCC29}.Debug|iPhoneSimulator.Build.0 = Debug|Any CPU
		{C6971F76-83CB-4538-886D-77F4A22FCC29}.Release|iPhoneSimulator.ActiveCfg = Release|Any CPU
		{C6971F76-83CB-4538-886D-77F4A22FCC29}.Release|iPhoneSimulator.Build.0 = Release|Any CPU
		{C6971F76-83CB-4538-886D-77F4A22FCC29}.Debug|iPhone.ActiveCfg = Debug|Any CPU
		{C6971F76-83CB-4538-886D-77F4A22FCC29}.Debug|iPhone.Build.0 = Debug|Any CPU
		{C6971F76-83CB-4538-886D-77F4A22FCC29}.Release|iPhone.ActiveCfg = Release|Any CPU
		{C6971F76-83CB-4538-886D-77F4A22FCC29}.Release|iPhone.Build.0 = Release|Any CPU
		{AC10CD94-0DC7-4AE3-B759-E85BB6147E4E}.Debug|Any CPU.ActiveCfg = Debug|iPhoneSimulator
		{AC10CD94-0DC7-4AE3-B759-E85BB6147E4E}.Debug|Any CPU.Build.0 = Debug|iPhoneSimulator
		{AC10CD94-0DC7-4AE3-B759-E85BB6147E4E}.Release|Any CPU.ActiveCfg = Release|iPhoneSimulator
		{AC10CD94-0DC7-4AE3-B759-E85BB6147E4E}.Release|Any CPU.Build.0 = Release|iPhoneSimulator
		{AC10CD94-0DC7-4AE3-B759-E85BB6147E4E}.Debug|iPhoneSimulator.ActiveCfg = Debug|iPhoneSimulator
		{AC10CD94-0DC7-4AE3-B759-E85BB6147E4E}.Debug|iPhoneSimulator.Build.0 = Debug|iPhoneSimulator
		{AC10CD94-0DC7-4AE3-B759-E85BB6147E4E}.Release|iPhoneSimulator.ActiveCfg = Release|iPhoneSimulator
		{AC10CD94-0DC7-4AE3-B759-E85BB6147E4E}.Release|iPhoneSimulator.Build.0 = Release|iPhoneSimulator
		{AC10CD94-0DC7-4AE3-B759-E85BB6147E4E}.Debug|iPhone.ActiveCfg = Debug|iPhone
		{AC10CD94-0DC7-4AE3-B759-E85BB6147E4E}.Debug|iPhone.Build.0 = Debug|iPhone
		{AC10CD94-0DC7-4AE3-B759-E85BB6147E4E}.Release|iPhone.ActiveCfg = Release|iPhone
		{AC10CD94-0DC7-4AE3-B759-E85BB6147E4E}.Release|iPhone.Build.0 = Release|iPhone
		{126A53CA-D120-44BC-B234-A587617C393C}.Debug|Any CPU.ActiveCfg = Debug|Any CPU
		{126A53CA-D120-44BC-B234-A587617C393C}.Debug|Any CPU.Build.0 = Debug|Any CPU
		{126A53CA-D120-44BC-B234-A587617C393C}.Release|Any CPU.ActiveCfg = Release|Any CPU
		{126A53CA-D120-44BC-B234-A587617C393C}.Release|Any CPU.Build.0 = Release|Any CPU
		{126A53CA-D120-44BC-B234-A587617C393C}.Debug|iPhoneSimulator.ActiveCfg = Debug|Any CPU
		{126A53CA-D120-44BC-B234-A587617C393C}.Debug|iPhoneSimulator.Build.0 = Debug|Any CPU
		{126A53CA-D120-44BC-B234-A587617C393C}.Release|iPhoneSimulator.ActiveCfg = Release|Any CPU
		{126A53CA-D120-44BC-B234-A587617C393C}.Release|iPhoneSimulator.Build.0 = Release|Any CPU
		{126A53CA-D120-44BC-B234-A587617C393C}.Debug|iPhone.ActiveCfg = Debug|Any CPU
		{126A53CA-D120-44BC-B234-A587617C393C}.Debug|iPhone.Build.0 = Debug|Any CPU
		{126A53CA-D120-44BC-B234-A587617C393C}.Release|iPhone.ActiveCfg = Release|Any CPU
		{126A53CA-D120-44BC-B234-A587617C393C}.Release|iPhone.Build.0 = Release|Any CPU
		{C84C0593-B36E-4484-ADF4-EAD6EDA214A6}.Debug|Any CPU.ActiveCfg = Debug|Any CPU
		{C84C0593-B36E-4484-ADF4-EAD6EDA214A6}.Debug|Any CPU.Build.0 = Debug|Any CPU
		{C84C0593-B36E-4484-ADF4-EAD6EDA214A6}.Release|Any CPU.ActiveCfg = Release|Any CPU
		{C84C0593-B36E-4484-ADF4-EAD6EDA214A6}.Release|Any CPU.Build.0 = Release|Any CPU
		{C84C0593-B36E-4484-ADF4-EAD6EDA214A6}.Debug|iPhoneSimulator.ActiveCfg = Debug|Any CPU
		{C84C0593-B36E-4484-ADF4-EAD6EDA214A6}.Debug|iPhoneSimulator.Build.0 = Debug|Any CPU
		{C84C0593-B36E-4484-ADF4-EAD6EDA214A6}.Release|iPhoneSimulator.ActiveCfg = Release|Any CPU
		{C84C0593-B36E-4484-ADF4-EAD6EDA214A6}.Release|iPhoneSimulator.Build.0 = Release|Any CPU
		{C84C0593-B36E-4484-ADF4-EAD6EDA214A6}.Debug|iPhone.ActiveCfg = Debug|Any CPU
		{C84C0593-B36E-4484-ADF4-EAD6EDA214A6}.Debug|iPhone.Build.0 = Debug|Any CPU
		{C84C0593-B36E-4484-ADF4-EAD6EDA214A6}.Release|iPhone.ActiveCfg = Release|Any CPU
		{C84C0593-B36E-4484-ADF4-EAD6EDA214A6}.Release|iPhone.Build.0 = Release|Any CPU
	EndGlobalSection
EndGlobal
